
Microsoft Visual Studio Solution File, Format Version 12.00
# Visual Studio Version 17
VisualStudioVersion = 17.5.33627.172
MinimumVisualStudioVersion = 10.0.40219.1
Project("{FAE04EC0-301F-11D3-BF4B-00C04F79EFBC}") = "apiservicio", "apiservicio.csproj", "{5FE9DDAE-7053-432C-A776-85186BD8EF97}"
EndProject
Global
	GlobalSection(SolutionConfigurationPlatforms) = preSolution
		Debug|Any CPU = Debug|Any CPU
		Release|Any CPU = Release|Any CPU
	EndGlobalSection
	GlobalSection(ProjectConfigurationPlatforms) = postSolution
		{5FE9DDAE-7053-432C-A776-85186BD8EF97}.Debug|Any CPU.ActiveCfg = Debug|Any CPU
		{5FE9DDAE-7053-432C-A776-85186BD8EF97}.Debug|Any CPU.Build.0 = Debug|Any CPU
		{5FE9DDAE-7053-432C-A776-85186BD8EF97}.Release|Any CPU.ActiveCfg = Release|Any CPU
		{5FE9DDAE-7053-432C-A776-85186BD8EF97}.Release|Any CPU.Build.0 = Release|Any CPU
	EndGlobalSection
	GlobalSection(SolutionProperties) = preSolution
		HideSolutionNode = FALSE
	EndGlobalSection
	GlobalSection(ExtensibilityGlobals) = postSolution
		SolutionGuid = {3F68E0EC-02A0-48CA-86D3-C83811A3A86F}
	EndGlobalSection
EndGlobal
